{
  "requires": true,
  "lockfileVersion": 1,
  "dependencies": {
    "cep-promise": {
      "version": "4.1.0",
      "resolved": "https://registry.npmjs.org/cep-promise/-/cep-promise-4.1.0.tgz",
      "integrity": "sha512-8Xe8nNtTnumMFnKkdO7mFwbJLdJek4JXku0M+AUE6tXPuaHSp/ea5MgSWA/P7K74C1H3okLy0xUWxC9F/90+bA==",
      "requires": {
        "node-fetch": "2.6.1",
        "unfetch": "4.1.0"
      }
    },
    "node-fetch": {
      "version": "2.6.1",
      "resolved": "https://registry.npmjs.org/node-fetch/-/node-fetch-2.6.1.tgz",
      "integrity": "sha512-V4aYg89jEoVRxRb2fJdAg8FHvI7cEyYdVAh94HH0UIK8oJxUfkjlDQN9RbMx+bEjP7+ggMiFRprSti032Oipxw=="
    },
    "unfetch": {
      "version": "4.1.0",
      "resolved": "https://registry.npmjs.org/unfetch/-/unfetch-4.1.0.tgz",
      "integrity": "sha512-crP/n3eAPUJxZXM9T80/yv0YhkTEx2K1D3h7D1AJM6fzsWZrxdyRuLN0JH/dkZh1LNH8LxCnBzoPFCPbb2iGpg=="
    }
  }
}
